
Microsoft Visual Studio Solution File, Format Version 12.00
# Visual Studio 15
VisualStudioVersion = 15.0.28307.902
MinimumVisualStudioVersion = 10.0.40219.1
Project("{9A19103F-16F7-4668-BE54-9A1E7A4F7556}") = "Atividade_Produto", "Atividade_Garagem\Atividade_Produto.csproj", "{5533804E-79B1-4A8F-8B95-1163BE24885E}"
EndProject
Global
	GlobalSection(SolutionConfigurationPlatforms) = preSolution
		Debug|Any CPU = Debug|Any CPU
		Release|Any CPU = Release|Any CPU
	EndGlobalSection
	GlobalSection(ProjectConfigurationPlatforms) = postSolution
		{5533804E-79B1-4A8F-8B95-1163BE24885E}.Debug|Any CPU.ActiveCfg = Debug|Any CPU
		{5533804E-79B1-4A8F-8B95-1163BE24885E}.Debug|Any CPU.Build.0 = Debug|Any CPU
		{5533804E-79B1-4A8F-8B95-1163BE24885E}.Release|Any CPU.ActiveCfg = Release|Any CPU
		{5533804E-79B1-4A8F-8B95-1163BE24885E}.Release|Any CPU.Build.0 = Release|Any CPU
	EndGlobalSection
	GlobalSection(SolutionProperties) = preSolution
		HideSolutionNode = FALSE
	EndGlobalSection
	GlobalSection(ExtensibilityGlobals) = postSolution
		SolutionGuid = {D1DE852F-8BBB-4061-9950-3858D66B02DF}
	EndGlobalSection
EndGlobal
